
Microsoft Visual Studio Solution File, Format Version 11.00
# Visual Studio 2010
Project("{FAE04EC0-301F-11D3-BF4B-00C04F79EFBC}") = "Assembly-CSharp", "Assembly-CSharp.csproj", "{af2c9cb0-a94f-2a68-63ab-bb3f76aa82c1}"
EndProject
Project("{FAE04EC0-301F-11D3-BF4B-00C04F79EFBC}") = "Assembly-CSharp-Editor", "Assembly-CSharp-Editor.csproj", "{8b3c23b4-2b5f-dde7-99f3-900abb025ae3}"
EndProject
Global
	GlobalSection(SolutionConfigurationPlatforms) = preSolution
		Debug|Any CPU = Debug|Any CPU
	EndGlobalSection
	GlobalSection(ProjectConfigurationPlatforms) = postSolution
		{af2c9cb0-a94f-2a68-63ab-bb3f76aa82c1}.Debug|Any CPU.ActiveCfg = Debug|Any CPU
		{af2c9cb0-a94f-2a68-63ab-bb3f76aa82c1}.Debug|Any CPU.Build.0 = Debug|Any CPU
		{8b3c23b4-2b5f-dde7-99f3-900abb025ae3}.Debug|Any CPU.ActiveCfg = Debug|Any CPU
		{8b3c23b4-2b5f-dde7-99f3-900abb025ae3}.Debug|Any CPU.Build.0 = Debug|Any CPU
	EndGlobalSection
	GlobalSection(SolutionProperties) = preSolution
		HideSolutionNode = FALSE
	EndGlobalSection
EndGlobal
